{
  "name": "controllers",
  "lockfileVersion": 2,
  "requires": true,
  "packages": {
    "": {
      "dependencies": {
        "fullcalendar": "^6.0.0"
      }
    },
    "node_modules/@fullcalendar/core": {
      "version": "6.0.0",
      "resolved": "https://registry.npmjs.org/@fullcalendar/core/-/core-6.0.0.tgz",
      "integrity": "sha512-0lseac4/yJQhT9QjPGlqwEsZsoD0kKjuUI9KNUWMXqBPcK7Gk1pXJyP2Np7k9aqU5yLF7+pKp7fYR4YPiy++ew==",
      "dependencies": {
        "preact": "^10.0.5"
      }
    },
    "node_modules/@fullcalendar/daygrid": {
      "version": "6.0.0",
      "resolved": "https://registry.npmjs.org/@fullcalendar/daygrid/-/daygrid-6.0.0.tgz",
      "integrity": "sha512-Lzv1saFduDR9amaC1zeHFb+iBBqGF7Gu+j5O6zTSZarCCWlrc9lgTN7sB6VAQE2XIFfz8s9EzK3UYd/goaKMpA==",
      "peerDependencies": {
        "@fullcalendar/core": "~6.0.0"
      }
    },
    "node_modules/@fullcalendar/interaction": {
      "version": "6.0.0",
      "resolved": "https://registry.npmjs.org/@fullcalendar/interaction/-/interaction-6.0.0.tgz",
      "integrity": "sha512-fVv1b/HTh8AnPvKD/bFhlcEexVqOnhRNPlJFZtsiM4Ts4kNBIm9m53FHwGTkcV4Xi8lx3I1V1jOQE6OEm0KcQw==",
      "peerDependencies": {
        "@fullcalendar/core": "~6.0.0"
      }
    },
    "node_modules/@fullcalendar/list": {
      "version": "6.0.0",
      "resolved": "https://registry.npmjs.org/@fullcalendar/list/-/list-6.0.0.tgz",
      "integrity": "sha512-twioEtFEKoZVrDxIRJvc2suxfq2DCJ7mbMshTAOk03PDbvUczdSja3fNs3FjchED4LgAxkIcGineMuhtH2EpMQ==",
      "peerDependencies": {
        "@fullcalendar/core": "~6.0.0"
      }
    },
    "node_modules/@fullcalendar/timegrid": {
      "version": "6.0.0",
      "resolved": "https://registry.npmjs.org/@fullcalendar/timegrid/-/timegrid-6.0.0.tgz",
      "integrity": "sha512-R/IalqJjCG2/l2s2mIBJeq7YYcoShsM6Ee+vVu1wRRfBWDG2mLt1WiWmF74g7RhqPXAHymD6uptA0FlzIDnIxQ==",
      "dependencies": {
        "@fullcalendar/daygrid": "~6.0.0"
      },
      "peerDependencies": {
        "@fullcalendar/core": "~6.0.0"
      }
    },
    "node_modules/fullcalendar": {
      "version": "6.0.0",
      "resolved": "https://registry.npmjs.org/fullcalendar/-/fullcalendar-6.0.0.tgz",
      "integrity": "sha512-ShYYWXdcdNHP4HLMMOxWTi6EX1MQYQzmu70lUIVlBIpnH5+la0BGd2mCAPU0K9ce2aIIQUTCSQlDAan9x+1F4A==",
      "dependencies": {
        "@fullcalendar/core": "~6.0.0",
        "@fullcalendar/daygrid": "~6.0.0",
        "@fullcalendar/interaction": "~6.0.0",
        "@fullcalendar/list": "~6.0.0",
        "@fullcalendar/timegrid": "~6.0.0"
      }
    },
    "node_modules/preact": {
      "version": "10.11.3",
      "resolved": "https://registry.npmjs.org/preact/-/preact-10.11.3.tgz",
      "integrity": "sha512-eY93IVpod/zG3uMF22Unl8h9KkrcKIRs2EGar8hwLZZDU1lkjph303V9HZBwufh2s736U6VXuhD109LYqPoffg==",
      "funding": {
        "type": "opencollective",
        "url": "https://opencollective.com/preact"
      }
    }
  },
  "dependencies": {
    "@fullcalendar/core": {
      "version": "6.0.0",
      "resolved": "https://registry.npmjs.org/@fullcalendar/core/-/core-6.0.0.tgz",
      "integrity": "sha512-0lseac4/yJQhT9QjPGlqwEsZsoD0kKjuUI9KNUWMXqBPcK7Gk1pXJyP2Np7k9aqU5yLF7+pKp7fYR4YPiy++ew==",
      "requires": {
        "preact": "^10.0.5"
      }
    },
    "@fullcalendar/daygrid": {
      "version": "6.0.0",
      "resolved": "https://registry.npmjs.org/@fullcalendar/daygrid/-/daygrid-6.0.0.tgz",
      "integrity": "sha512-Lzv1saFduDR9amaC1zeHFb+iBBqGF7Gu+j5O6zTSZarCCWlrc9lgTN7sB6VAQE2XIFfz8s9EzK3UYd/goaKMpA==",
      "requires": {}
    },
    "@fullcalendar/interaction": {
      "version": "6.0.0",
      "resolved": "https://registry.npmjs.org/@fullcalendar/interaction/-/interaction-6.0.0.tgz",
      "integrity": "sha512-fVv1b/HTh8AnPvKD/bFhlcEexVqOnhRNPlJFZtsiM4Ts4kNBIm9m53FHwGTkcV4Xi8lx3I1V1jOQE6OEm0KcQw==",
      "requires": {}
    },
    "@fullcalendar/list": {
      "version": "6.0.0",
      "resolved": "https://registry.npmjs.org/@fullcalendar/list/-/list-6.0.0.tgz",
      "integrity": "sha512-twioEtFEKoZVrDxIRJvc2suxfq2DCJ7mbMshTAOk03PDbvUczdSja3fNs3FjchED4LgAxkIcGineMuhtH2EpMQ==",
      "requires": {}
    },
    "@fullcalendar/timegrid": {
      "version": "6.0.0",
      "resolved": "https://registry.npmjs.org/@fullcalendar/timegrid/-/timegrid-6.0.0.tgz",
      "integrity": "sha512-R/IalqJjCG2/l2s2mIBJeq7YYcoShsM6Ee+vVu1wRRfBWDG2mLt1WiWmF74g7RhqPXAHymD6uptA0FlzIDnIxQ==",
      "requires": {
        "@fullcalendar/daygrid": "~6.0.0"
      }
    },
    "fullcalendar": {
      "version": "6.0.0",
      "resolved": "https://registry.npmjs.org/fullcalendar/-/fullcalendar-6.0.0.tgz",
      "integrity": "sha512-ShYYWXdcdNHP4HLMMOxWTi6EX1MQYQzmu70lUIVlBIpnH5+la0BGd2mCAPU0K9ce2aIIQUTCSQlDAan9x+1F4A==",
      "requires": {
        "@fullcalendar/core": "~6.0.0",
        "@fullcalendar/daygrid": "~6.0.0",
        "@fullcalendar/interaction": "~6.0.0",
        "@fullcalendar/list": "~6.0.0",
        "@fullcalendar/timegrid": "~6.0.0"
      }
    },
    "preact": {
      "version": "10.11.3",
      "resolved": "https://registry.npmjs.org/preact/-/preact-10.11.3.tgz",
      "integrity": "sha512-eY93IVpod/zG3uMF22Unl8h9KkrcKIRs2EGar8hwLZZDU1lkjph303V9HZBwufh2s736U6VXuhD109LYqPoffg=="
    }
  }
}
